{
  "requires": true,
  "lockfileVersion": 1,
  "dependencies": {
    "mgrs": {
      "version": "1.0.0",
      "resolved": "https://registry.npm.taobao.org/mgrs/download/mgrs-1.0.0.tgz",
      "integrity": "sha1-+5FYjnjJACVnI5XLQLJffNatGCk="
    },
    "proj4": {
      "version": "2.5.0",
      "resolved": "https://registry.npm.taobao.org/proj4/download/proj4-2.5.0.tgz",
      "integrity": "sha1-46iM5+egciGqzLxnYN0ur+50XwM=",
      "requires": {
        "mgrs": "1.0.0",
        "wkt-parser": "^1.2.0"
      }
    },
    "wkt-parser": {
      "version": "1.2.3",
      "resolved": "https://registry.npm.taobao.org/wkt-parser/download/wkt-parser-1.2.3.tgz",
      "integrity": "sha1-JA/h2syBa/5WdLZhgAQQWeqpqbo="
    }
  }
}
